{
  "name": "angular-resource",
  "version": "1.5.8",
  "lockfileVersion": 2,
  "requires": true,
  "packages": {
    "": {
      "name": "angular-resource",
      "version": "1.5.8",
      "license": "MIT",
      "dependencies": {
        "angular-resource": "file:"
      }
    },
    "node_modules/angular-resource": {
      "resolved": "",
      "link": true
    }
  },
  "dependencies": {
    "angular-resource": {
      "version": "file:",
      "requires": {
        "angular-resource": "file:"
      }
    }
  }
}
