{
  "name": "angular",
  "version": "1.5.8",
  "lockfileVersion": 2,
  "requires": true,
  "packages": {
    "": {
      "name": "angular",
      "version": "1.5.8",
      "license": "MIT",
      "dependencies": {
        "angular": "file:"
      }
    },
    "node_modules/angular": {
      "resolved": "",
      "link": true
    }
  },
  "dependencies": {
    "angular": {
      "version": "file:",
      "requires": {
        "angular": "file:"
      }
    }
  }
}
